{
  "name": "typescript-sdk-template-test",
  "version": "0.0.1",
  "lockfileVersion": 2,
  "requires": true,
  "packages": {
    "": {
      "name": "typescript-sdk-template-test",
      "version": "0.0.1",
      "license": "MIT",
      "dependencies": {
        "@sogrey/typescript-sdk-template": "^0.0.1"
      }
    },
    "node_modules/@sogrey/typescript-sdk-template": {
      "version": "0.0.1",
      "resolved": "https://registry.npmjs.org/@sogrey/typescript-sdk-template/-/typescript-sdk-template-0.0.1.tgz",
      "integrity": "sha512-vFPGtoFC4PLmj2LijCExJ44aA+ZhWZbNDblrcdmZuKegT9gFM/lKMWXj4gIkbVjiUvrfC3ZXoAroVnz3plpk2w=="
    }
  },
  "dependencies": {
    "@sogrey/typescript-sdk-template": {
      "version": "0.0.1",
      "resolved": "https://registry.npmjs.org/@sogrey/typescript-sdk-template/-/typescript-sdk-template-0.0.1.tgz",
      "integrity": "sha512-vFPGtoFC4PLmj2LijCExJ44aA+ZhWZbNDblrcdmZuKegT9gFM/lKMWXj4gIkbVjiUvrfC3ZXoAroVnz3plpk2w=="
    }
  }
}
